
Microsoft Visual Studio Solution File, Format Version 11.00
# Visual C++ Express 2010
Project("{8BC9CEB8-8B4A-11D0-8D11-00A0C91BC942}") = "test", "test\test.vcxproj", "{890B451A-1587-4067-A5E7-014F616B3B94}"
EndProject
Global
	GlobalSection(SolutionConfigurationPlatforms) = preSolution
		Debug|Win32 = Debug|Win32
		Release|Win32 = Release|Win32
	EndGlobalSection
	GlobalSection(ProjectConfigurationPlatforms) = postSolution
		{890B451A-1587-4067-A5E7-014F616B3B94}.Debug|Win32.ActiveCfg = Debug|Win32
		{890B451A-1587-4067-A5E7-014F616B3B94}.Debug|Win32.Build.0 = Debug|Win32
		{890B451A-1587-4067-A5E7-014F616B3B94}.Release|Win32.ActiveCfg = Release|Win32
		{890B451A-1587-4067-A5E7-014F616B3B94}.Release|Win32.Build.0 = Release|Win32
	EndGlobalSection
	GlobalSection(SolutionProperties) = preSolution
		HideSolutionNode = FALSE
	EndGlobalSection
EndGlobal
